%{
  "castore": {:hex, :castore, "0.1.19", "a2c3e46d62b7f3aa2e6f88541c21d7400381e53704394462b9fd4f06f6d42bb6", [:mix], [], "hexpm", "e96e0161a5dc82ef441da24d5fa74aefc40d920f3a6645d15e1f9f3e66bb2109"},
  "elixir_make": {:hex, :elixir_make, "0.6.3", "bc07d53221216838d79e03a8019d0839786703129599e9619f4ab74c8c096eac", [:mix], [], "hexpm", "f5cbd651c5678bcaabdbb7857658ee106b12509cd976c2c2fca99688e1daf716"},
  "input_event": {:hex, :input_event, "1.1.0", "e4d68b3ecf5e078ba05ba2f6f2714735fa16a5b3ea4003694c880e3f74310627", [:make, :mix], [{:elixir_make, "~> 0.6", [hex: :elixir_make, repo: "hexpm", optional: false]}], "hexpm", "029b1c3848532f47367f74abc9e6fe0bdce8b318c71f0971205d907da227a60f"},
  "nerves": {:hex, :nerves, "1.9.1", "09cfd3589af81c4b1ac35179aee5f6d94bde36548a905c2d4d4efa9ff311222e", [:make, :mix], [{:castore, "~> 0.1", [hex: :castore, repo: "hexpm", optional: false]}, {:elixir_make, "~> 0.6", [hex: :elixir_make, repo: "hexpm", optional: false]}, {:jason, "~> 1.2", [hex: :jason, repo: "hexpm", optional: true]}], "hexpm", "011409116923e1dbab250a6dc241ab529790163233c44e374ff352af72d09a56"},
  "nerves_system_br": {:hex, :nerves_system_br, "1.20.6", "6622ee4230e968a95716105518bbd7ef569ac82b44e9114cf6a78a1ddca65455", [:mix], [], "hexpm", "ca187a129288156a1e5fb4f34d393aeddb7580091f41aefb82dbed6a4e378748"},
  "nerves_system_rpi3": {:hex, :nerves_system_rpi3, "1.20.2", "3a43b8333b733e7a9f19b2eaa984bd0f33aa1fca6b8595f4a439eb32482c5ed0", [:mix], [{:nerves, "~> 1.5.4 or ~> 1.6.0 or ~> 1.7.15 or ~> 1.8", [hex: :nerves, repo: "hexpm", optional: false]}, {:nerves_system_br, "1.20.6", [hex: :nerves_system_br, repo: "hexpm", optional: false]}, {:nerves_toolchain_armv7_nerves_linux_gnueabihf, "~> 1.6.0", [hex: :nerves_toolchain_armv7_nerves_linux_gnueabihf, repo: "hexpm", optional: false]}], "hexpm", "0c3b1526e99e84ed05ddaadab629aeed172f40ed06ef59960a3f199a1f9deb8f"},
  "nerves_system_rpi4": {:hex, :nerves_system_rpi4, "1.20.2", "db83189a20bbdb439311308c0a344587ddc9b8f295041b458a558bda0922a694", [:mix], [{:nerves, "~> 1.5.4 or ~> 1.6.0 or ~> 1.7.15 or ~> 1.8", [hex: :nerves, repo: "hexpm", optional: false]}, {:nerves_system_br, "1.20.6", [hex: :nerves_system_br, repo: "hexpm", optional: false]}, {:nerves_toolchain_aarch64_nerves_linux_gnu, "~> 1.6.0", [hex: :nerves_toolchain_aarch64_nerves_linux_gnu, repo: "hexpm", optional: false]}], "hexpm", "942333f7754d9b9a34372cf0f1c92a195cb6fae120770569da64dc65f52ebf68"},
  "nerves_system_x86_64": {:hex, :nerves_system_x86_64, "1.20.3", "c011857f01d8659f9aef2f3ef344651f115347fd07a260ff9f5e280a52017155", [:mix], [{:nerves, "~> 1.5.4 or ~> 1.6.0 or ~> 1.7.15 or ~> 1.8", [hex: :nerves, repo: "hexpm", optional: false]}, {:nerves_system_br, "1.20.6", [hex: :nerves_system_br, repo: "hexpm", optional: false]}, {:nerves_toolchain_x86_64_nerves_linux_musl, "~> 1.6.0", [hex: :nerves_toolchain_x86_64_nerves_linux_musl, repo: "hexpm", optional: false]}], "hexpm", "2fc00a72c0f1c61b858c20e006caa32cbc1e26a769f20aabb1444817819251c2"},
  "nerves_toolchain_aarch64_nerves_linux_gnu": {:hex, :nerves_toolchain_aarch64_nerves_linux_gnu, "1.6.1", "2ddc1aecb55b55e1cf18b7252b8074418c1b7dd5497e1e6a167b5a9fb40955a9", [:mix], [{:nerves, "~> 1.4", [hex: :nerves, repo: "hexpm", optional: false]}, {:nerves_toolchain_ctng, "~> 1.9.0", [hex: :nerves_toolchain_ctng, repo: "hexpm", optional: false]}], "hexpm", "57ed1c2df89c7425aadfb18c8e7da6b9d1be9ffeafa1d54061cc8abe6e5e0e4c"},
  "nerves_toolchain_armv7_nerves_linux_gnueabihf": {:hex, :nerves_toolchain_armv7_nerves_linux_gnueabihf, "1.6.1", "4014bc32142ef980e39af90e1377747095f3f3f8517e41815a23638ef1711702", [:mix], [{:nerves, "~> 1.0", [hex: :nerves, repo: "hexpm", optional: false]}, {:nerves_toolchain_ctng, "~> 1.9.0", [hex: :nerves_toolchain_ctng, repo: "hexpm", optional: false]}], "hexpm", "20a529ce1ab54677f121ac97333cc6b7c32f75ebb4b83cee7e0934867d61bbb5"},
  "nerves_toolchain_ctng": {:hex, :nerves_toolchain_ctng, "1.9.1", "89b4aa1eaa0ac2e248403ec85a5ff96f372cb4ddd2b327e76f953d0a2018e74e", [:mix], [{:nerves, "~> 1.0", [hex: :nerves, repo: "hexpm", optional: false]}], "hexpm", "5a9012b82c848626cfd00b69d104011fd1c5768c7b778d24f2caa3827c116b77"},
  "nerves_toolchain_x86_64_nerves_linux_musl": {:hex, :nerves_toolchain_x86_64_nerves_linux_musl, "1.6.1", "3e10d1c8e848afe4c7ea506d89f0a3ea12d63c4e91c6ea6bbc1e458c0ef6f940", [:mix], [{:nerves, "~> 1.0", [hex: :nerves, repo: "hexpm", optional: false]}, {:nerves_toolchain_ctng, "~> 1.9.0", [hex: :nerves_toolchain_ctng, repo: "hexpm", optional: false]}], "hexpm", "8453041055bc2271279674fe284b9e093a1e8bddf931a8502a88afce43c578b2"},
}
